// !$*UTF8*$!
{
	archiveVersion = 1;
	classes = {
	};
	objectVersion = 46;
	objects = {

/* Begin PBXBuildFile section */
		A927EE3F1DBEF868004085E2 /* main.m in Sources */ = {isa = PBXBuildFile; fileRef = A927EE3E1DBEF868004085E2 /* main.m */; };
		A927EE421DBEF868004085E2 /* AppDelegate.m in Sources */ = {isa = PBXBuildFile; fileRef = A927EE411DBEF868004085E2 /* AppDelegate.m */; };
		A927EE451DBEF868004085E2 /* ViewController.m in Sources */ = {isa = PBXBuildFile; fileRef = A927EE441DBEF868004085E2 /* ViewController.m */; };
		A927EE481DBEF868004085E2 /* Main.storyboard in Resources */ = {isa = PBXBuildFile; fileRef = A927EE461DBEF868004085E2 /* Main.storyboard */; };
		A927EE4A1DBEF868004085E2 /* Assets.xcassets in Resources */ = {isa = PBXBuildFile; fileRef = A927EE491DBEF868004085E2 /* Assets.xcassets */; };
		A927EE4D1DBEF868004085E2 /* LaunchScreen.storyboard in Resources */ = {isa = PBXBuildFile; fileRef = A927EE4B1DBEF868004085E2 /* LaunchScreen.storyboard */; };
		A927EE5D1DBEF8F6004085E2 /* NSObjectAdditions.m in Sources */ = {isa = PBXBuildFile; fileRef = A927EE561DBEF8F6004085E2 /* NSObjectAdditions.m */; settings = {COMPILER_FLAGS = "-fno-objc-arc"; }; };
		A927EE5E1DBEF8F6004085E2 /* NSStringAdditions.m in Sources */ = {isa = PBXBuildFile; fileRef = A927EE581DBEF8F6004085E2 /* NSStringAdditions.m */; settings = {COMPILER_FLAGS = "-fno-objc-arc"; }; };
		A927EE5F1DBEF8F6004085E2 /* UIColorAdditions.m in Sources */ = {isa = PBXBuildFile; fileRef = A927EE5A1DBEF8F6004085E2 /* UIColorAdditions.m */; };
		A927EE601DBEF8F6004085E2 /* UIViewAdditions.m in Sources */ = {isa = PBXBuildFile; fileRef = A927EE5C1DBEF8F6004085E2 /* UIViewAdditions.m */; settings = {COMPILER_FLAGS = "-fno-objc-arc"; }; };
/* End PBXBuildFile section */

/* Begin PBXFileReference section */
		A927EE3A1DBEF868004085E2 /* MyCategory.app */ = {isa = PBXFileReference; explicitFileType = wrapper.application; includeInIndex = 0; path = MyCategory.app; sourceTree = BUILT_PRODUCTS_DIR; };
		A927EE3E1DBEF868004085E2 /* main.m */ = {isa = PBXFileReference; lastKnownFileType = sourcecode.c.objc; path = main.m; sourceTree = "<group>"; };
		A927EE401DBEF868004085E2 /* AppDelegate.h */ = {isa = PBXFileReference; lastKnownFileType = sourcecode.c.h; path = AppDelegate.h; sourceTree = "<group>"; };
		A927EE411DBEF868004085E2 /* AppDelegate.m */ = {isa = PBXFileReference; lastKnownFileType = sourcecode.c.objc; path = AppDelegate.m; sourceTree = "<group>"; };
		A927EE431DBEF868004085E2 /* ViewController.h */ = {isa = PBXFileReference; lastKnownFileType = sourcecode.c.h; path = ViewController.h; sourceTree = "<group>"; };
		A927EE441DBEF868004085E2 /* ViewController.m */ = {isa = PBXFileReference; lastKnownFileType = sourcecode.c.objc; path = ViewController.m; sourceTree = "<group>"; };
		A927EE471DBEF868004085E2 /* Base */ = {isa = PBXFileReference; lastKnownFileType = file.storyboard; name = Base; path = Base.lproj/Main.storyboard; sourceTree = "<group>"; };
		A927EE491DBEF868004085E2 /* Assets.xcassets */ = {isa = PBXFileReference; lastKnownFileType = folder.assetcatalog; path = Assets.xcassets; sourceTree = "<group>"; };
		A927EE4C1DBEF868004085E2 /* Base */ = {isa = PBXFileReference; lastKnownFileType = file.storyboard; name = Base; path = Base.lproj/LaunchScreen.storyboard; sourceTree = "<group>"; };
		A927EE4E1DBEF868004085E2 /* Info.plist */ = {isa = PBXFileReference; lastKnownFileType = text.plist.xml; path = Info.plist; sourceTree = "<group>"; };
		A927EE551DBEF8F6004085E2 /* NSObjectAdditions.h */ = {isa = PBXFileReference; fileEncoding = 4; lastKnownFileType = sourcecode.c.h; path = NSObjectAdditions.h; sourceTree = "<group>"; };
		A927EE561DBEF8F6004085E2 /* NSObjectAdditions.m */ = {isa = PBXFileReference; fileEncoding = 4; lastKnownFileType = sourcecode.c.objc; path = NSObjectAdditions.m; sourceTree = "<group>"; };
		A927EE571DBEF8F6004085E2 /* NSStringAdditions.h */ = {isa = PBXFileReference; fileEncoding = 4; lastKnownFileType = sourcecode.c.h; path = NSStringAdditions.h; sourceTree = "<group>"; };
		A927EE581DBEF8F6004085E2 /* NSStringAdditions.m */ = {isa = PBXFileReference; fileEncoding = 4; lastKnownFileType = sourcecode.c.objc; path = NSStringAdditions.m; sourceTree = "<group>"; };
		A927EE591DBEF8F6004085E2 /* UIColorAdditions.h */ = {isa = PBXFileReference; fileEncoding = 4; lastKnownFileType = sourcecode.c.h; path = UIColorAdditions.h; sourceTree = "<group>"; };
		A927EE5A1DBEF8F6004085E2 /* UIColorAdditions.m */ = {isa = PBXFileReference; fileEncoding = 4; lastKnownFileType = sourcecode.c.objc; path = UIColorAdditions.m; sourceTree = "<group>"; };
		A927EE5B1DBEF8F6004085E2 /* UIViewAdditions.h */ = {isa = PBXFileReference; fileEncoding = 4; lastKnownFileType = sourcecode.c.h; path = UIViewAdditions.h; sourceTree = "<group>"; };
		A927EE5C1DBEF8F6004085E2 /* UIViewAdditions.m */ = {isa = PBXFileReference; fileEncoding = 4; lastKnownFileType = sourcecode.c.objc; path = UIViewAdditions.m; sourceTree = "<group>"; };
		A927EE611DBEF985004085E2 /* Prefix.pch */ = {isa = PBXFileReference; fileEncoding = 4; lastKnownFileType = sourcecode.c.h; path = Prefix.pch; sourceTree = "<group>"; };
/* End PBXFileReference section */

/* Begin PBXFrameworksBuildPhase section */
		A927EE371DBEF868004085E2 /* Frameworks */ = {
			isa = PBXFrameworksBuildPhase;
			buildActionMask = 2147483647;
			files = (
			);
			runOnlyForDeploymentPostprocessing = 0;
		};
/* End PBXFrameworksBuildPhase section */

/* Begin PBXGroup section */
		A927EE311DBEF868004085E2 = {
			isa = PBXGroup;
			children = (
				A927EE3C1DBEF868004085E2 /* MyCategory */,
				A927EE3B1DBEF868004085E2 /* Products */,
			);
			sourceTree = "<group>";
		};
		A927EE3B1DBEF868004085E2 /* Products */ = {
			isa = PBXGroup;
			children = (
				A927EE3A1DBEF868004085E2 /* MyCategory.app */,
			);
			name = Products;
			sourceTree = "<group>";
		};
		A927EE3C1DBEF868004085E2 /* MyCategory */ = {
			isa = PBXGroup;
			children = (
				A927EE541DBEF8F6004085E2 /* MyCategory */,
				A927EE401DBEF868004085E2 /* AppDelegate.h */,
				A927EE411DBEF868004085E2 /* AppDelegate.m */,
				A927EE431DBEF868004085E2 /* ViewController.h */,
				A927EE441DBEF868004085E2 /* ViewController.m */,
				A927EE461DBEF868004085E2 /* Main.storyboard */,
				A927EE491DBEF868004085E2 /* Assets.xcassets */,
				A927EE4B1DBEF868004085E2 /* LaunchScreen.storyboard */,
				A927EE4E1DBEF868004085E2 /* Info.plist */,
				A927EE3D1DBEF868004085E2 /* Supporting Files */,
			);
			path = MyCategory;
			sourceTree = "<group>";
		};
		A927EE3D1DBEF868004085E2 /* Supporting Files */ = {
			isa = PBXGroup;
			children = (
				A927EE611DBEF985004085E2 /* Prefix.pch */,
				A927EE3E1DBEF868004085E2 /* main.m */,
			);
			name = "Supporting Files";
			sourceTree = "<group>";
		};
		A927EE541DBEF8F6004085E2 /* MyCategory */ = {
			isa = PBXGroup;
			children = (
				A927EE551DBEF8F6004085E2 /* NSObjectAdditions.h */,
				A927EE561DBEF8F6004085E2 /* NSObjectAdditions.m */,
				A927EE571DBEF8F6004085E2 /* NSStringAdditions.h */,
				A927EE581DBEF8F6004085E2 /* NSStringAdditions.m */,
				A927EE591DBEF8F6004085E2 /* UIColorAdditions.h */,
				A927EE5A1DBEF8F6004085E2 /* UIColorAdditions.m */,
				A927EE5B1DBEF8F6004085E2 /* UIViewAdditions.h */,
				A927EE5C1DBEF8F6004085E2 /* UIViewAdditions.m */,
			);
			path = MyCategory;
			sourceTree = "<group>";
		};
/* End PBXGroup section */

/* Begin PBXNativeTarget section */
		A927EE391DBEF868004085E2 /* MyCategory */ = {
			isa = PBXNativeTarget;
			buildConfigurationList = A927EE511DBEF868004085E2 /* Build configuration list for PBXNativeTarget "MyCategory" */;
			buildPhases = (
				A927EE361DBEF868004085E2 /* Sources */,
				A927EE371DBEF868004085E2 /* Frameworks */,
				A927EE381DBEF868004085E2 /* Resources */,
			);
			buildRules = (
			);
			dependencies = (
			);
			name = MyCategory;
			productName = MyCategory;
			productReference = A927EE3A1DBEF868004085E2 /* MyCategory.app */;
			productType = "com.apple.product-type.application";
		};
/* End PBXNativeTarget section */

/* Begin PBXProject section */
		A927EE321DBEF868004085E2 /* Project object */ = {
			isa = PBXProject;
			attributes = {
				LastUpgradeCheck = 0800;
				ORGANIZATIONNAME = "谭建平";
				TargetAttributes = {
					A927EE391DBEF868004085E2 = {
						CreatedOnToolsVersion = 8.0;
						ProvisioningStyle = Automatic;
					};
				};
			};
			buildConfigurationList = A927EE351DBEF868004085E2 /* Build configuration list for PBXProject "MyCategory" */;
			compatibilityVersion = "Xcode 3.2";
			developmentRegion = English;
			hasScannedForEncodings = 0;
			knownRegions = (
				en,
				Base,
			);
			mainGroup = A927EE311DBEF868004085E2;
			productRefGroup = A927EE3B1DBEF868004085E2 /* Products */;
			projectDirPath = "";
			projectRoot = "";
			targets = (
				A927EE391DBEF868004085E2 /* MyCategory */,
			);
		};
/* End PBXProject section */

/* Begin PBXResourcesBuildPhase section */
		A927EE381DBEF868004085E2 /* Resources */ = {
			isa = PBXResourcesBuildPhase;
			buildActionMask = 2147483647;
			files = (
				A927EE4D1DBEF868004085E2 /* LaunchScreen.storyboard in Resources */,
				A927EE4A1DBEF868004085E2 /* Assets.xcassets in Resources */,
				A927EE481DBEF868004085E2 /* Main.storyboard in Resources */,
			);
			runOnlyForDeploymentPostprocessing = 0;
		};
/* End PBXResourcesBuildPhase section */

/* Begin PBXSourcesBuildPhase section */
		A927EE361DBEF868004085E2 /* Sources */ = {
			isa = PBXSourcesBuildPhase;
			buildActionMask = 2147483647;
			files = (
				A927EE451DBEF868004085E2 /* ViewController.m in Sources */,
				A927EE5F1DBEF8F6004085E2 /* UIColorAdditions.m in Sources */,
				A927EE601DBEF8F6004085E2 /* UIViewAdditions.m in Sources */,
				A927EE5D1DBEF8F6004085E2 /* NSObjectAdditions.m in Sources */,
				A927EE421DBEF868004085E2 /* AppDelegate.m in Sources */,
				A927EE3F1DBEF868004085E2 /* main.m in Sources */,
				A927EE5E1DBEF8F6004085E2 /* NSStringAdditions.m in Sources */,
			);
			runOnlyForDeploymentPostprocessing = 0;
		};
/* End PBXSourcesBuildPhase section */

/* Begin PBXVariantGroup section */
		A927EE461DBEF868004085E2 /* Main.storyboard */ = {
			isa = PBXVariantGroup;
			children = (
				A927EE471DBEF868004085E2 /* Base */,
			);
			name = Main.storyboard;
			sourceTree = "<group>";
		};
		A927EE4B1DBEF868004085E2 /* LaunchScreen.storyboard */ = {
			isa = PBXVariantGroup;
			children = (
				A927EE4C1DBEF868004085E2 /* Base */,
			);
			name = LaunchScreen.storyboard;
			sourceTree = "<group>";
		};
/* End PBXVariantGroup section */

/* Begin XCBuildConfiguration section */
		A927EE4F1DBEF868004085E2 /* Debug */ = {
			isa = XCBuildConfiguration;
			buildSettings = {
				ALWAYS_SEARCH_USER_PATHS = NO;
				CLANG_ANALYZER_NONNULL = YES;
				CLANG_CXX_LANGUAGE_STANDARD = "gnu++0x";
				CLANG_CXX_LIBRARY = "libc++";
				CLANG_ENABLE_MODULES = YES;
				CLANG_ENABLE_OBJC_ARC = YES;
				CLANG_WARN_BOOL_CONVERSION = YES;
				CLANG_WARN_CONSTANT_CONVERSION = YES;
				CLANG_WARN_DIRECT_OBJC_ISA_USAGE = YES_ERROR;
				CLANG_WARN_DOCUMENTATION_COMMENTS = YES;
				CLANG_WARN_EMPTY_BODY = YES;
				CLANG_WARN_ENUM_CONVERSION = YES;
				CLANG_WARN_INFINITE_RECURSION = YES;
				CLANG_WARN_INT_CONVERSION = YES;
				CLANG_WARN_OBJC_ROOT_CLASS = YES_ERROR;
				CLANG_WARN_SUSPICIOUS_MOVES = YES;
				CLANG_WARN_UNREACHABLE_CODE = YES;
				CLANG_WARN__DUPLICATE_METHOD_MATCH = YES;
				"CODE_SIGN_IDENTITY[sdk=iphoneos*]" = "iPhone Developer";
				COPY_PHASE_STRIP = NO;
				DEBUG_INFORMATION_FORMAT = dwarf;
				ENABLE_STRICT_OBJC_MSGSEND = YES;
				ENABLE_TESTABILITY = YES;
				GCC_C_LANGUAGE_STANDARD = gnu99;
				GCC_DYNAMIC_NO_PIC = NO;
				GCC_NO_COMMON_BLOCKS = YES;
				GCC_OPTIMIZATION_LEVEL = 0;
				GCC_PREPROCESSOR_DEFINITIONS = (
					"DEBUG=1",
					"$(inherited)",
				);
				GCC_WARN_64_TO_32_BIT_CONVERSION = YES;
				GCC_WARN_ABOUT_RETURN_TYPE = YES_ERROR;
				GCC_WARN_UNDECLARED_SELECTOR = YES;
				GCC_WARN_UNINITIALIZED_AUTOS = YES_AGGRESSIVE;
				GCC_WARN_UNUSED_FUNCTION = YES;
				GCC_WARN_UNUSED_VARIABLE = YES;
				IPHONEOS_DEPLOYMENT_TARGET = 10.0;
				MTL_ENABLE_DEBUG_INFO = YES;
				ONLY_ACTIVE_ARCH = YES;
				SDKROOT = iphoneos;
			};
			name = Debug;
		};
		A927EE501DBEF868004085E2 /* Release */ = {
			isa = XCBuildConfiguration;
			buildSettings = {
				ALWAYS_SEARCH_USER_PATHS = NO;
				CLANG_ANALYZER_NONNULL = YES;
				CLANG_CXX_LANGUAGE_STANDARD = "gnu++0x";
				CLANG_CXX_LIBRARY = "libc++";
				CLANG_ENABLE_MODULES = YES;
				CLANG_ENABLE_OBJC_ARC = YES;
				CLANG_WARN_BOOL_CONVERSION = YES;
				CLANG_WARN_CONSTANT_CONVERSION = YES;
				CLANG_WARN_DIRECT_OBJC_ISA_USAGE = YES_ERROR;
				CLANG_WARN_DOCUMENTATION_COMMENTS = YES;
				CLANG_WARN_EMPTY_BODY = YES;
				CLANG_WARN_ENUM_CONVERSION = YES;
				CLANG_WARN_INFINITE_RECURSION = YES;
				CLANG_WARN_INT_CONVERSION = YES;
				CLANG_WARN_OBJC_ROOT_CLASS = YES_ERROR;
				CLANG_WARN_SUSPICIOUS_MOVES = YES;
				CLANG_WARN_UNREACHABLE_CODE = YES;
				CLANG_WARN__DUPLICATE_METHOD_MATCH = YES;
				"CODE_SIGN_IDENTITY[sdk=iphoneos*]" = "iPhone Developer";
				COPY_PHASE_STRIP = NO;
				DEBUG_INFORMATION_FORMAT = "dwarf-with-dsym";
				ENABLE_NS_ASSERTIONS = NO;
				ENABLE_STRICT_OBJC_MSGSEND = YES;
				GCC_C_LANGUAGE_STANDARD = gnu99;
				GCC_NO_COMMON_BLOCKS = YES;
				GCC_WARN_64_TO_32_BIT_CONVERSION = YES;
				GCC_WARN_ABOUT_RETURN_TYPE = YES_ERROR;
				GCC_WARN_UNDECLARED_SELECTOR = YES;
				GCC_WARN_UNINITIALIZED_AUTOS = YES_AGGRESSIVE;
				GCC_WARN_UNUSED_FUNCTION = YES;
				GCC_WARN_UNUSED_VARIABLE = YES;
				IPHONEOS_DEPLOYMENT_TARGET = 10.0;
				MTL_ENABLE_DEBUG_INFO = NO;
				SDKROOT = iphoneos;
				VALIDATE_PRODUCT = YES;
			};
			name = Release;
		};
		A927EE521DBEF868004085E2 /* Debug */ = {
			isa = XCBuildConfiguration;
			buildSettings = {
				ASSETCATALOG_COMPILER_APPICON_NAME = AppIcon;
				GCC_PRECOMPILE_PREFIX_HEADER = YES;
				GCC_PREFIX_HEADER = "${PROJECT_DIR}/MyCategory/Prefix.pch";
				INFOPLIST_FILE = MyCategory/Info.plist;
				LD_RUNPATH_SEARCH_PATHS = "$(inherited) @executable_path/Frameworks";
				PRODUCT_BUNDLE_IDENTIFIER = xxx.MyCategory;
				PRODUCT_NAME = "$(TARGET_NAME)";
			};
			name = Debug;
		};
		A927EE531DBEF868004085E2 /* Release */ = {
			isa = XCBuildConfiguration;
			buildSettings = {
				ASSETCATALOG_COMPILER_APPICON_NAME = AppIcon;
				GCC_PRECOMPILE_PREFIX_HEADER = YES;
				GCC_PREFIX_HEADER = "${PROJECT_DIR}/MyCategory/Prefix.pch";
				INFOPLIST_FILE = MyCategory/Info.plist;
				LD_RUNPATH_SEARCH_PATHS = "$(inherited) @executable_path/Frameworks";
				PRODUCT_BUNDLE_IDENTIFIER = xxx.MyCategory;
				PRODUCT_NAME = "$(TARGET_NAME)";
			};
			name = Release;
		};
/* End XCBuildConfiguration section */

/* Begin XCConfigurationList section */
		A927EE351DBEF868004085E2 /* Build configuration list for PBXProject "MyCategory" */ = {
			isa = XCConfigurationList;
			buildConfigurations = (
				A927EE4F1DBEF868004085E2 /* Debug */,
				A927EE501DBEF868004085E2 /* Release */,
			);
			defaultConfigurationIsVisible = 0;
			defaultConfigurationName = Release;
		};
		A927EE511DBEF868004085E2 /* Build configuration list for PBXNativeTarget "MyCategory" */ = {
			isa = XCConfigurationList;
			buildConfigurations = (
				A927EE521DBEF868004085E2 /* Debug */,
				A927EE531DBEF868004085E2 /* Release */,
			);
			defaultConfigurationIsVisible = 0;
		};
/* End XCConfigurationList section */
	};
	rootObject = A927EE321DBEF868004085E2 /* Project object */;
}
